# Resolved commits for agents/skills.vendor — written by scripts/agents/vendor_skills.sh
mattpocock 6acc160e4e0cd062dbbbd7a1b26ae92855edf07e https://github.com/mattpocock/skills.git
anthropic 2a8ad9f74633d10e3d9bb0660a03bfc6e50584b1 https://github.com/anthropics/claude-plugins-official.git
typesafe 65a39f393687675ce170e6094757de20370365b9 https://github.com/typesafe-ai/skills.git
adhd 839872f9d1cd634fed642b4589ce7226199cc15f https://github.com/ayghri/i-have-adhd.git
# skill dirs in agents/skills and the source that owns them
vendored mattpocock ask-matt
vendored mattpocock mp-code-review
vendored mattpocock codebase-design
vendored mattpocock diagnosing-bugs
vendored mattpocock domain-modeling
vendored mattpocock grill-with-docs
vendored mattpocock implement
vendored mattpocock improve-codebase-architecture
vendored mattpocock prototype
vendored mattpocock research
vendored mattpocock resolving-merge-conflicts
vendored mattpocock setup-matt-pocock-skills
vendored mattpocock tdd
vendored mattpocock to-spec
vendored mattpocock to-tickets
vendored mattpocock triage
vendored mattpocock wayfinder
vendored mattpocock wizard
vendored mattpocock grill-me
vendored mattpocock grilling
vendored mattpocock handoff
vendored mattpocock to-questionnaire
vendored mattpocock wait-what
vendored mattpocock writing-for-agents
vendored mattpocock claude-handoff
vendored mattpocock loop-me
vendored mattpocock setup-ts-deep-modules
vendored mattpocock writing-beats
vendored mattpocock writing-fragments
vendored mattpocock writing-shape
vendored mattpocock git-guardrails-claude-code
vendored mattpocock migrate-to-shoehorn
vendored mattpocock scaffold-exercises
vendored mattpocock setup-pre-commit
vendored anthropic frontend-design
vendored anthropic skill-creator
vendored typesafe typesafe-ai
vendored adhd i-have-adhd
