# Resolved commits for pi/agent/skills.vendor — written by scripts/agents/vendor_skills.sh
mattpocock d81f3a183412e71a5b1e84ca21bc1a35eea03a60 https://github.com/mattpocock/skills.git
anthropic 2a8ad9f74633d10e3d9bb0660a03bfc6e50584b1 https://github.com/anthropics/claude-plugins-official.git
typesafe 65a39f393687675ce170e6094757de20370365b9 https://github.com/typesafe-ai/skills.git
adhd 839872f9d1cd634fed642b4589ce7226199cc15f https://github.com/ayghri/i-have-adhd.git
# skill dirs in pi/agent/skills that came from the sources above
vendored ask-matt
vendored mp-code-review
vendored codebase-design
vendored diagnosing-bugs
vendored domain-modeling
vendored grill-with-docs
vendored implement
vendored implement-spec
vendored improve-codebase-architecture
vendored pr
vendored prototype
vendored research
vendored retro
vendored setup-matt-pocock-skills
vendored tdd
vendored to-spec
vendored to-tickets
vendored triage
vendored wayfinder
vendored wizard
vendored grill-me
vendored grilling
vendored handoff
vendored to-questionnaire
vendored wait-what
vendored writing-for-agents
vendored claude-handoff
vendored loop-me
vendored setup-ts-deep-modules
vendored writing-beats
vendored writing-fragments
vendored writing-shape
vendored git-guardrails-claude-code
vendored migrate-to-shoehorn
vendored scaffold-exercises
vendored setup-pre-commit
vendored frontend-design
vendored skill-creator
vendored typesafe-ai
vendored i-have-adhd
